
Microsoft Visual Studio Solution File, Format Version 12.00
# Visual Studio Version 17
VisualStudioVersion = 17.11.35303.130
MinimumVisualStudioVersion = 10.0.40219.1
Project("{2150E333-8FDC-42A3-9474-1A3956D46DE8}") = "Task0", "Task0", "{F08D9B9B-F2D3-482A-A3D5-8FA8E610A68B}"
EndProject
Project("{FAE04EC0-301F-11D3-BF4B-00C04F79EFBC}") = "Tyuiu.BilousEYu.Sprint2.Task0.V26", "Tyuiu.BilousEYu.Sprint2.Task0.V26\Tyuiu.BilousEYu.Sprint2.Task0.V26.csproj", "{C14C2EA3-7059-4860-9343-35C8BD94D6F5}"
EndProject
Project("{FAE04EC0-301F-11D3-BF4B-00C04F79EFBC}") = "Tyuiu.BilousEYu.Sprint2.Task0.V26.Lib", "Tyuiu.BilousEYu.Sprint2.Task0.V26.Lib\Tyuiu.BilousEYu.Sprint2.Task0.V26.Lib.csproj", "{8BBCF809-F188-4769-A546-AAC5E2388F5C}"
EndProject
Project("{FAE04EC0-301F-11D3-BF4B-00C04F79EFBC}") = "Tyuiu.BilousEYu.Sprint2.Task0.V26.Test", "Tyuiu.BilousEYu.Sprint2.Task0.V26.Test\Tyuiu.BilousEYu.Sprint2.Task0.V26.Test.csproj", "{42707969-5AA6-4E27-9F5B-98A029BB9F23}"
EndProject
Project("{2150E333-8FDC-42A3-9474-1A3956D46DE8}") = "Task1", "Task1", "{0EC01834-5D7B-4509-937A-89E94C4E82D3}"
EndProject
Project("{FAE04EC0-301F-11D3-BF4B-00C04F79EFBC}") = "Tyuiu.BilousEYu.Sprint2.Task1.V25", "Tyuiu.BilousEYu.Sprint2.Task1.V25\Tyuiu.BilousEYu.Sprint2.Task1.V25.csproj", "{7D5CBA2D-45E0-401B-8250-44EF133B0EDD}"
EndProject
Project("{FAE04EC0-301F-11D3-BF4B-00C04F79EFBC}") = "Tyuiu.BilousEYu.Sprint2.Task1.V25.Lib", "Tyuiu.BilousEYu.Sprint2.Task1.V25.Lib\Tyuiu.BilousEYu.Sprint2.Task1.V25.Lib.csproj", "{913117FB-74F1-4BA3-882C-8DAA8C5424D6}"
EndProject
Project("{FAE04EC0-301F-11D3-BF4B-00C04F79EFBC}") = "Tyuiu.BilousEYu.Sprint2.Task1.V25.Test", "Tyuiu.BilousEYu.Sprint2.Task1.V25.Test\Tyuiu.BilousEYu.Sprint2.Task1.V25.Test.csproj", "{FD555259-8F4D-4190-AB74-96E45DE433EE}"
EndProject
Global
	GlobalSection(SolutionConfigurationPlatforms) = preSolution
		Debug|Any CPU = Debug|Any CPU
		Release|Any CPU = Release|Any CPU
	EndGlobalSection
	GlobalSection(ProjectConfigurationPlatforms) = postSolution
		{C14C2EA3-7059-4860-9343-35C8BD94D6F5}.Debug|Any CPU.ActiveCfg = Debug|Any CPU
		{C14C2EA3-7059-4860-9343-35C8BD94D6F5}.Debug|Any CPU.Build.0 = Debug|Any CPU
		{C14C2EA3-7059-4860-9343-35C8BD94D6F5}.Release|Any CPU.ActiveCfg = Release|Any CPU
		{C14C2EA3-7059-4860-9343-35C8BD94D6F5}.Release|Any CPU.Build.0 = Release|Any CPU
		{8BBCF809-F188-4769-A546-AAC5E2388F5C}.Debug|Any CPU.ActiveCfg = Debug|Any CPU
		{8BBCF809-F188-4769-A546-AAC5E2388F5C}.Debug|Any CPU.Build.0 = Debug|Any CPU
		{8BBCF809-F188-4769-A546-AAC5E2388F5C}.Release|Any CPU.ActiveCfg = Release|Any CPU
		{8BBCF809-F188-4769-A546-AAC5E2388F5C}.Release|Any CPU.Build.0 = Release|Any CPU
		{42707969-5AA6-4E27-9F5B-98A029BB9F23}.Debug|Any CPU.ActiveCfg = Debug|Any CPU
		{42707969-5AA6-4E27-9F5B-98A029BB9F23}.Debug|Any CPU.Build.0 = Debug|Any CPU
		{42707969-5AA6-4E27-9F5B-98A029BB9F23}.Release|Any CPU.ActiveCfg = Release|Any CPU
		{42707969-5AA6-4E27-9F5B-98A029BB9F23}.Release|Any CPU.Build.0 = Release|Any CPU
		{7D5CBA2D-45E0-401B-8250-44EF133B0EDD}.Debug|Any CPU.ActiveCfg = Debug|Any CPU
		{7D5CBA2D-45E0-401B-8250-44EF133B0EDD}.Debug|Any CPU.Build.0 = Debug|Any CPU
		{7D5CBA2D-45E0-401B-8250-44EF133B0EDD}.Release|Any CPU.ActiveCfg = Release|Any CPU
		{7D5CBA2D-45E0-401B-8250-44EF133B0EDD}.Release|Any CPU.Build.0 = Release|Any CPU
		{913117FB-74F1-4BA3-882C-8DAA8C5424D6}.Debug|Any CPU.ActiveCfg = Debug|Any CPU
		{913117FB-74F1-4BA3-882C-8DAA8C5424D6}.Debug|Any CPU.Build.0 = Debug|Any CPU
		{913117FB-74F1-4BA3-882C-8DAA8C5424D6}.Release|Any CPU.ActiveCfg = Release|Any CPU
		{913117FB-74F1-4BA3-882C-8DAA8C5424D6}.Release|Any CPU.Build.0 = Release|Any CPU
		{FD555259-8F4D-4190-AB74-96E45DE433EE}.Debug|Any CPU.ActiveCfg = Debug|Any CPU
		{FD555259-8F4D-4190-AB74-96E45DE433EE}.Debug|Any CPU.Build.0 = Debug|Any CPU
		{FD555259-8F4D-4190-AB74-96E45DE433EE}.Release|Any CPU.ActiveCfg = Release|Any CPU
		{FD555259-8F4D-4190-AB74-96E45DE433EE}.Release|Any CPU.Build.0 = Release|Any CPU
	EndGlobalSection
	GlobalSection(SolutionProperties) = preSolution
		HideSolutionNode = FALSE
	EndGlobalSection
	GlobalSection(NestedProjects) = preSolution
		{C14C2EA3-7059-4860-9343-35C8BD94D6F5} = {F08D9B9B-F2D3-482A-A3D5-8FA8E610A68B}
		{8BBCF809-F188-4769-A546-AAC5E2388F5C} = {F08D9B9B-F2D3-482A-A3D5-8FA8E610A68B}
		{42707969-5AA6-4E27-9F5B-98A029BB9F23} = {F08D9B9B-F2D3-482A-A3D5-8FA8E610A68B}
		{7D5CBA2D-45E0-401B-8250-44EF133B0EDD} = {0EC01834-5D7B-4509-937A-89E94C4E82D3}
		{913117FB-74F1-4BA3-882C-8DAA8C5424D6} = {0EC01834-5D7B-4509-937A-89E94C4E82D3}
		{FD555259-8F4D-4190-AB74-96E45DE433EE} = {0EC01834-5D7B-4509-937A-89E94C4E82D3}
	EndGlobalSection
	GlobalSection(ExtensibilityGlobals) = postSolution
		SolutionGuid = {CDC9D708-C231-4E76-80DB-E8ACAEC3BCC9}
	EndGlobalSection
EndGlobal
